
Microsoft Visual Studio Solution File, Format Version 12.00
# Visual Studio Version 17
VisualStudioVersion = 17.4.33205.214
MinimumVisualStudioVersion = 10.0.40219.1
Project("{FAE04EC0-301F-11D3-BF4B-00C04F79EFBC}") = "ImageGalleryGenerator.Console", "ImageGalleryGenerator.Console\ImageGalleryGenerator.Console.csproj", "{67B00719-FE04-4B3D-BEB3-C7428ED3D8EC}"
EndProject
Project("{9A19103F-16F7-4668-BE54-9A1E7A4F7556}") = "ImageGalleryGenerator", "ImageGalleryGenerator\ImageGalleryGenerator.csproj", "{92C67AE7-A81B-4BFA-BE3D-36E919CBB7C7}"
EndProject
Project("{FAE04EC0-301F-11D3-BF4B-00C04F79EFBC}") = "ImageGalleryGenerator.Core", "ImageGalleryGenerator.Core\ImageGalleryGenerator.Core.csproj", "{DD66C047-9613-4BF6-9469-42F5D0E39017}"
EndProject
Global
	GlobalSection(SolutionConfigurationPlatforms) = preSolution
		Debug|Any CPU = Debug|Any CPU
		Release|Any CPU = Release|Any CPU
	EndGlobalSection
	GlobalSection(ProjectConfigurationPlatforms) = postSolution
		{67B00719-FE04-4B3D-BEB3-C7428ED3D8EC}.Debug|Any CPU.ActiveCfg = Debug|Any CPU
		{67B00719-FE04-4B3D-BEB3-C7428ED3D8EC}.Debug|Any CPU.Build.0 = Debug|Any CPU
		{67B00719-FE04-4B3D-BEB3-C7428ED3D8EC}.Release|Any CPU.ActiveCfg = Release|Any CPU
		{67B00719-FE04-4B3D-BEB3-C7428ED3D8EC}.Release|Any CPU.Build.0 = Release|Any CPU
		{92C67AE7-A81B-4BFA-BE3D-36E919CBB7C7}.Debug|Any CPU.ActiveCfg = Debug|Any CPU
		{92C67AE7-A81B-4BFA-BE3D-36E919CBB7C7}.Debug|Any CPU.Build.0 = Debug|Any CPU
		{92C67AE7-A81B-4BFA-BE3D-36E919CBB7C7}.Release|Any CPU.ActiveCfg = Release|Any CPU
		{92C67AE7-A81B-4BFA-BE3D-36E919CBB7C7}.Release|Any CPU.Build.0 = Release|Any CPU
		{DD66C047-9613-4BF6-9469-42F5D0E39017}.Debug|Any CPU.ActiveCfg = Debug|Any CPU
		{DD66C047-9613-4BF6-9469-42F5D0E39017}.Debug|Any CPU.Build.0 = Debug|Any CPU
		{DD66C047-9613-4BF6-9469-42F5D0E39017}.Release|Any CPU.ActiveCfg = Release|Any CPU
		{DD66C047-9613-4BF6-9469-42F5D0E39017}.Release|Any CPU.Build.0 = Release|Any CPU
	EndGlobalSection
	GlobalSection(SolutionProperties) = preSolution
		HideSolutionNode = FALSE
	EndGlobalSection
	GlobalSection(ExtensibilityGlobals) = postSolution
		SolutionGuid = {A2793939-B0A7-4013-B379-31676BC6D797}
	EndGlobalSection
EndGlobal
